
Microsoft Visual Studio Solution File, Format Version 12.00
# Visual Studio Version 17
VisualStudioVersion = 17.14.36310.24
MinimumVisualStudioVersion = 10.0.40219.1
Project("{2150E333-8FDC-42A3-9474-1A3956D46DE8}") = "Services", "Services", "{02EA681E-C7D8-13C7-8484-4AC65E1B71E8}"
EndProject
Project("{2150E333-8FDC-42A3-9474-1A3956D46DE8}") = "Catalog", "Catalog", "{C2B8856F-DB0E-4648-B2E7-5834157ABCF4}"
EndProject
Project("{FAE04EC0-301F-11D3-BF4B-00C04F79EFBC}") = "Catalog.API", "Services\Catalog\Catalog.API\Catalog.API.csproj", "{64387AFD-1B8B-4B20-9DCD-CD316A3D3573}"
EndProject
Project("{2150E333-8FDC-42A3-9474-1A3956D46DE8}") = "BuildingBlocks", "BuildingBlocks", "{A87D2A04-E1E0-48F5-AF5B-A8A321AAF2FB}"
EndProject
Project("{FAE04EC0-301F-11D3-BF4B-00C04F79EFBC}") = "BuildingBlocks", "BuildingBlocks\BuildingBlocks\BuildingBlocks.csproj", "{BB81AE9B-85AD-4D35-847D-0230C7F60EEC}"
EndProject
Project("{E53339B2-1760-4266-BCC7-CA923CBCF16C}") = "docker-compose", "docker-compose.dcproj", "{81DDED9D-158B-E303-5F62-77A2896D2A5A}"
EndProject
Project("{2150E333-8FDC-42A3-9474-1A3956D46DE8}") = "Basket", "Basket", "{70F0D804-C559-4EB9-8B84-847E60626B39}"
EndProject
Project("{FAE04EC0-301F-11D3-BF4B-00C04F79EFBC}") = "Basket.API", "Services\Basket\Basket.API\Basket.API.csproj", "{8CFF99D9-EF5F-4B7D-9CD8-BA8EB0D80030}"
EndProject
Project("{2150E333-8FDC-42A3-9474-1A3956D46DE8}") = "Discount", "Discount", "{CD4FA380-ECA3-4562-ADFB-1EA997368167}"
EndProject
Project("{FAE04EC0-301F-11D3-BF4B-00C04F79EFBC}") = "Discount.Grpc", "Services\Discount\Discount.Grpc\Discount.Grpc.csproj", "{FE6ECAD7-B4DD-41F4-89AD-20396279E9DD}"
EndProject
Project("{2150E333-8FDC-42A3-9474-1A3956D46DE8}") = "Ordering", "Ordering", "{CE19E842-82A8-4E2B-AF3C-45C62C59B5AE}"
EndProject
Project("{FAE04EC0-301F-11D3-BF4B-00C04F79EFBC}") = "Ordering.API", "Services\Ordering\Ordering.API\Ordering.API.csproj", "{BF7D6B55-EB64-4575-BCD5-B4622BE2B4AA}"
EndProject
Project("{FAE04EC0-301F-11D3-BF4B-00C04F79EFBC}") = "Ordering.Domain", "Services\Ordering\Ordering.Domain\Ordering.Domain.csproj", "{2C3FB614-A2C5-4DE1-9096-2D4AFC288F3D}"
EndProject
Project("{FAE04EC0-301F-11D3-BF4B-00C04F79EFBC}") = "Ordering.Application", "Services\Ordering\Ordering.Application\Ordering.Application.csproj", "{DED9F700-2D1A-436A-87FE-2173FCE6B7EB}"
EndProject
Project("{FAE04EC0-301F-11D3-BF4B-00C04F79EFBC}") = "Ordering.Infrastructure", "Services\Ordering\Ordering.Infrastructure\Ordering.Infrastructure.csproj", "{41E71F94-B464-416D-ADAB-64CDC32A4449}"
EndProject
Global
	GlobalSection(SolutionConfigurationPlatforms) = preSolution
		Debug|Any CPU = Debug|Any CPU
		Release|Any CPU = Release|Any CPU
	EndGlobalSection
	GlobalSection(ProjectConfigurationPlatforms) = postSolution
		{64387AFD-1B8B-4B20-9DCD-CD316A3D3573}.Debug|Any CPU.ActiveCfg = Debug|Any CPU
		{64387AFD-1B8B-4B20-9DCD-CD316A3D3573}.Debug|Any CPU.Build.0 = Debug|Any CPU
		{64387AFD-1B8B-4B20-9DCD-CD316A3D3573}.Release|Any CPU.ActiveCfg = Release|Any CPU
		{64387AFD-1B8B-4B20-9DCD-CD316A3D3573}.Release|Any CPU.Build.0 = Release|Any CPU
		{BB81AE9B-85AD-4D35-847D-0230C7F60EEC}.Debug|Any CPU.ActiveCfg = Debug|Any CPU
		{BB81AE9B-85AD-4D35-847D-0230C7F60EEC}.Debug|Any CPU.Build.0 = Debug|Any CPU
		{BB81AE9B-85AD-4D35-847D-0230C7F60EEC}.Release|Any CPU.ActiveCfg = Release|Any CPU
		{BB81AE9B-85AD-4D35-847D-0230C7F60EEC}.Release|Any CPU.Build.0 = Release|Any CPU
		{81DDED9D-158B-E303-5F62-77A2896D2A5A}.Debug|Any CPU.ActiveCfg = Debug|Any CPU
		{81DDED9D-158B-E303-5F62-77A2896D2A5A}.Debug|Any CPU.Build.0 = Debug|Any CPU
		{81DDED9D-158B-E303-5F62-77A2896D2A5A}.Release|Any CPU.ActiveCfg = Release|Any CPU
		{81DDED9D-158B-E303-5F62-77A2896D2A5A}.Release|Any CPU.Build.0 = Release|Any CPU
		{8CFF99D9-EF5F-4B7D-9CD8-BA8EB0D80030}.Debug|Any CPU.ActiveCfg = Debug|Any CPU
		{8CFF99D9-EF5F-4B7D-9CD8-BA8EB0D80030}.Debug|Any CPU.Build.0 = Debug|Any CPU
		{8CFF99D9-EF5F-4B7D-9CD8-BA8EB0D80030}.Release|Any CPU.ActiveCfg = Release|Any CPU
		{8CFF99D9-EF5F-4B7D-9CD8-BA8EB0D80030}.Release|Any CPU.Build.0 = Release|Any CPU
		{FE6ECAD7-B4DD-41F4-89AD-20396279E9DD}.Debug|Any CPU.ActiveCfg = Debug|Any CPU
		{FE6ECAD7-B4DD-41F4-89AD-20396279E9DD}.Debug|Any CPU.Build.0 = Debug|Any CPU
		{FE6ECAD7-B4DD-41F4-89AD-20396279E9DD}.Release|Any CPU.ActiveCfg = Release|Any CPU
		{FE6ECAD7-B4DD-41F4-89AD-20396279E9DD}.Release|Any CPU.Build.0 = Release|Any CPU
		{BF7D6B55-EB64-4575-BCD5-B4622BE2B4AA}.Debug|Any CPU.ActiveCfg = Debug|Any CPU
		{BF7D6B55-EB64-4575-BCD5-B4622BE2B4AA}.Debug|Any CPU.Build.0 = Debug|Any CPU
		{BF7D6B55-EB64-4575-BCD5-B4622BE2B4AA}.Release|Any CPU.ActiveCfg = Release|Any CPU
		{BF7D6B55-EB64-4575-BCD5-B4622BE2B4AA}.Release|Any CPU.Build.0 = Release|Any CPU
		{2C3FB614-A2C5-4DE1-9096-2D4AFC288F3D}.Debug|Any CPU.ActiveCfg = Debug|Any CPU
		{2C3FB614-A2C5-4DE1-9096-2D4AFC288F3D}.Debug|Any CPU.Build.0 = Debug|Any CPU
		{2C3FB614-A2C5-4DE1-9096-2D4AFC288F3D}.Release|Any CPU.ActiveCfg = Release|Any CPU
		{2C3FB614-A2C5-4DE1-9096-2D4AFC288F3D}.Release|Any CPU.Build.0 = Release|Any CPU
		{DED9F700-2D1A-436A-87FE-2173FCE6B7EB}.Debug|Any CPU.ActiveCfg = Debug|Any CPU
		{DED9F700-2D1A-436A-87FE-2173FCE6B7EB}.Debug|Any CPU.Build.0 = Debug|Any CPU
		{DED9F700-2D1A-436A-87FE-2173FCE6B7EB}.Release|Any CPU.ActiveCfg = Release|Any CPU
		{DED9F700-2D1A-436A-87FE-2173FCE6B7EB}.Release|Any CPU.Build.0 = Release|Any CPU
		{41E71F94-B464-416D-ADAB-64CDC32A4449}.Debug|Any CPU.ActiveCfg = Debug|Any CPU
		{41E71F94-B464-416D-ADAB-64CDC32A4449}.Debug|Any CPU.Build.0 = Debug|Any CPU
		{41E71F94-B464-416D-ADAB-64CDC32A4449}.Release|Any CPU.ActiveCfg = Release|Any CPU
		{41E71F94-B464-416D-ADAB-64CDC32A4449}.Release|Any CPU.Build.0 = Release|Any CPU
	EndGlobalSection
	GlobalSection(SolutionProperties) = preSolution
		HideSolutionNode = FALSE
	EndGlobalSection
	GlobalSection(NestedProjects) = preSolution
		{C2B8856F-DB0E-4648-B2E7-5834157ABCF4} = {02EA681E-C7D8-13C7-8484-4AC65E1B71E8}
		{64387AFD-1B8B-4B20-9DCD-CD316A3D3573} = {C2B8856F-DB0E-4648-B2E7-5834157ABCF4}
		{BB81AE9B-85AD-4D35-847D-0230C7F60EEC} = {A87D2A04-E1E0-48F5-AF5B-A8A321AAF2FB}
		{70F0D804-C559-4EB9-8B84-847E60626B39} = {02EA681E-C7D8-13C7-8484-4AC65E1B71E8}
		{8CFF99D9-EF5F-4B7D-9CD8-BA8EB0D80030} = {70F0D804-C559-4EB9-8B84-847E60626B39}
		{CD4FA380-ECA3-4562-ADFB-1EA997368167} = {02EA681E-C7D8-13C7-8484-4AC65E1B71E8}
		{FE6ECAD7-B4DD-41F4-89AD-20396279E9DD} = {CD4FA380-ECA3-4562-ADFB-1EA997368167}
		{CE19E842-82A8-4E2B-AF3C-45C62C59B5AE} = {02EA681E-C7D8-13C7-8484-4AC65E1B71E8}
		{BF7D6B55-EB64-4575-BCD5-B4622BE2B4AA} = {CE19E842-82A8-4E2B-AF3C-45C62C59B5AE}
		{2C3FB614-A2C5-4DE1-9096-2D4AFC288F3D} = {CE19E842-82A8-4E2B-AF3C-45C62C59B5AE}
		{DED9F700-2D1A-436A-87FE-2173FCE6B7EB} = {CE19E842-82A8-4E2B-AF3C-45C62C59B5AE}
		{41E71F94-B464-416D-ADAB-64CDC32A4449} = {CE19E842-82A8-4E2B-AF3C-45C62C59B5AE}
	EndGlobalSection
	GlobalSection(ExtensibilityGlobals) = postSolution
		SolutionGuid = {721B2861-5F67-4B15-A12B-05B026F15AE9}
	EndGlobalSection
EndGlobal
